# THIS IS AN AUTOGENERATED FILE. DO NOT EDIT THIS FILE DIRECTLY.
# yarn lockfile v1


bs-platform@^2.1.0:
  version "2.2.3"
  resolved "https://registry.yarnpkg.com/bs-platform/-/bs-platform-2.2.3.tgz#d905ae10a5f3621e6a739041dfa0b58483a2174f"

bs-platform@^3.1.4:
  version "3.1.4"
  resolved "https://registry.yarnpkg.com/bs-platform/-/bs-platform-3.1.4.tgz#fe8495443b35aff73dfb61cba1e6d7b88311910b"

"repromise@github:aantron/repromise":
  version "0.1.0"
  resolved "https://codeload.github.com/aantron/repromise/tar.gz/ee442dab26547bdeef16ce8fdff13e436159013f"
  dependencies:
    bs-platform "^2.1.0"

start@^5.1.0:
  version "5.1.0"
  resolved "https://registry.yarnpkg.com/start/-/start-5.1.0.tgz#1c171f0ef9487f56d0ab9a755ace860169208763"
